
Microsoft Visual Studio Solution File, Format Version 12.00
# Visual Studio Version 16
VisualStudioVersion = 16.0.30320.27
MinimumVisualStudioVersion = 10.0.40219.1
Project("{FAE04EC0-301F-11D3-BF4B-00C04F79EFBC}") = "MyConsole", "MyConsole\MyConsole.csproj", "{5C7F7D76-907B-4972-8CFD-0F48A5CF2533}"
EndProject
Global
	GlobalSection(SolutionConfigurationPlatforms) = preSolution
		Debug|Any CPU = Debug|Any CPU
		Release|Any CPU = Release|Any CPU
	EndGlobalSection
	GlobalSection(ProjectConfigurationPlatforms) = postSolution
		{5C7F7D76-907B-4972-8CFD-0F48A5CF2533}.Debug|Any CPU.ActiveCfg = Debug|Any CPU
		{5C7F7D76-907B-4972-8CFD-0F48A5CF2533}.Debug|Any CPU.Build.0 = Debug|Any CPU
		{5C7F7D76-907B-4972-8CFD-0F48A5CF2533}.Release|Any CPU.ActiveCfg = Release|Any CPU
		{5C7F7D76-907B-4972-8CFD-0F48A5CF2533}.Release|Any CPU.Build.0 = Release|Any CPU
	EndGlobalSection
	GlobalSection(SolutionProperties) = preSolution
		HideSolutionNode = FALSE
	EndGlobalSection
	GlobalSection(ExtensibilityGlobals) = postSolution
		SolutionGuid = {4AB73AAB-0046-43B9-B549-E40DA863295F}
	EndGlobalSection
EndGlobal
